<Solution>
  <Folder Name="/src/">
    <Project Path="src/TikrClipr.App/TikrClipr.App.csproj" />
    <Project Path="src/TikrClipr.Core/TikrClipr.Core.csproj" />
    <Project Path="src/TikrClipr.Native/TikrClipr.Native.csproj" />
  </Folder>
  <Folder Name="/tests/">
    <Project Path="tests/TikrClipr.Core.Tests/TikrClipr.Core.Tests.csproj" />
    <Project Path="tests/TikrClipr.Integration.Tests/TikrClipr.Integration.Tests.csproj" />
  </Folder>
</Solution>
